
Microsoft Visual Studio Solution File, Format Version 12.00
# Visual Studio Version 17
VisualStudioVersion = 17.7.34031.279
MinimumVisualStudioVersion = 10.0.40219.1
Project("{FAE04EC0-301F-11D3-BF4B-00C04F79EFBC}") = "Streams", "Streams.csproj", "{22DA5F2E-7CEC-47DC-87E8-A72BF8839B1D}"
EndProject
Global
	GlobalSection(SolutionConfigurationPlatforms) = preSolution
		Debug|Any CPU = Debug|Any CPU
		Release|Any CPU = Release|Any CPU
	EndGlobalSection
	GlobalSection(ProjectConfigurationPlatforms) = postSolution
		{22DA5F2E-7CEC-47DC-87E8-A72BF8839B1D}.Debug|Any CPU.ActiveCfg = Debug|Any CPU
		{22DA5F2E-7CEC-47DC-87E8-A72BF8839B1D}.Debug|Any CPU.Build.0 = Debug|Any CPU
		{22DA5F2E-7CEC-47DC-87E8-A72BF8839B1D}.Release|Any CPU.ActiveCfg = Release|Any CPU
		{22DA5F2E-7CEC-47DC-87E8-A72BF8839B1D}.Release|Any CPU.Build.0 = Release|Any CPU
	EndGlobalSection
	GlobalSection(SolutionProperties) = preSolution
		HideSolutionNode = FALSE
	EndGlobalSection
	GlobalSection(ExtensibilityGlobals) = postSolution
		SolutionGuid = {CD46E44A-C598-4FE7-9561-89D3DB2057F1}
	EndGlobalSection
EndGlobal
